
Microsoft Visual Studio Solution File, Format Version 12.00
# Visual Studio 2013
VisualStudioVersion = 12.0.21005.1
MinimumVisualStudioVersion = 10.0.40219.1
Project("{FAE04EC0-301F-11D3-BF4B-00C04F79EFBC}") = "OutlookContactSync", "OutlookContactSync\OutlookContactSync.csproj", "{9B188494-2473-4951-99DE-9498DE9E0C90}"
EndProject
Project("{FAE04EC0-301F-11D3-BF4B-00C04F79EFBC}") = "GoogleContacts", "GoogleContacts\GoogleContacts.csproj", "{FFEBE6D5-5556-4BB6-85E0-6DD7DE315540}"
EndProject
Project("{FAE04EC0-301F-11D3-BF4B-00C04F79EFBC}") = "ExchangeInterface", "ExchangeInterface\ExchangeInterface.csproj", "{C23A6ECB-C945-456D-B0E8-1AB349550C03}"
EndProject
Project("{FAE04EC0-301F-11D3-BF4B-00C04F79EFBC}") = "ExchangeInterfaceWCF", "ExchangeInterfaceWCF\ExchangeInterfaceWCF.csproj", "{9CC9FC20-04E9-4DA9-A04A-561D5879F30A}"
EndProject
Global
	GlobalSection(SolutionConfigurationPlatforms) = preSolution
		Debug|Any CPU = Debug|Any CPU
		Release|Any CPU = Release|Any CPU
	EndGlobalSection
	GlobalSection(ProjectConfigurationPlatforms) = postSolution
		{9B188494-2473-4951-99DE-9498DE9E0C90}.Debug|Any CPU.ActiveCfg = Debug|Any CPU
		{9B188494-2473-4951-99DE-9498DE9E0C90}.Debug|Any CPU.Build.0 = Debug|Any CPU
		{9B188494-2473-4951-99DE-9498DE9E0C90}.Release|Any CPU.ActiveCfg = Release|Any CPU
		{9B188494-2473-4951-99DE-9498DE9E0C90}.Release|Any CPU.Build.0 = Release|Any CPU
		{FFEBE6D5-5556-4BB6-85E0-6DD7DE315540}.Debug|Any CPU.ActiveCfg = Debug|Any CPU
		{FFEBE6D5-5556-4BB6-85E0-6DD7DE315540}.Debug|Any CPU.Build.0 = Debug|Any CPU
		{FFEBE6D5-5556-4BB6-85E0-6DD7DE315540}.Release|Any CPU.ActiveCfg = Release|Any CPU
		{FFEBE6D5-5556-4BB6-85E0-6DD7DE315540}.Release|Any CPU.Build.0 = Release|Any CPU
		{C23A6ECB-C945-456D-B0E8-1AB349550C03}.Debug|Any CPU.ActiveCfg = Debug|Any CPU
		{C23A6ECB-C945-456D-B0E8-1AB349550C03}.Debug|Any CPU.Build.0 = Debug|Any CPU
		{C23A6ECB-C945-456D-B0E8-1AB349550C03}.Release|Any CPU.ActiveCfg = Release|Any CPU
		{C23A6ECB-C945-456D-B0E8-1AB349550C03}.Release|Any CPU.Build.0 = Release|Any CPU
		{9CC9FC20-04E9-4DA9-A04A-561D5879F30A}.Debug|Any CPU.ActiveCfg = Debug|Any CPU
		{9CC9FC20-04E9-4DA9-A04A-561D5879F30A}.Debug|Any CPU.Build.0 = Debug|Any CPU
		{9CC9FC20-04E9-4DA9-A04A-561D5879F30A}.Release|Any CPU.ActiveCfg = Release|Any CPU
		{9CC9FC20-04E9-4DA9-A04A-561D5879F30A}.Release|Any CPU.Build.0 = Release|Any CPU
	EndGlobalSection
	GlobalSection(SolutionProperties) = preSolution
		HideSolutionNode = FALSE
	EndGlobalSection
EndGlobal
